
Microsoft Visual Studio Solution File, Format Version 12.00
# Visual Studio Version 17
VisualStudioVersion = 17.1.32407.343
MinimumVisualStudioVersion = 10.0.40219.1
Project("{FAE04EC0-301F-11D3-BF4B-00C04F79EFBC}") = "OfficeControl", "OfficeControl\OfficeControl.csproj", "{A2FBE71D-D36B-41EF-A653-880798FDC99A}"
EndProject
Global
	GlobalSection(SolutionConfigurationPlatforms) = preSolution
		Debug|Any CPU = Debug|Any CPU
		Release|Any CPU = Release|Any CPU
	EndGlobalSection
	GlobalSection(ProjectConfigurationPlatforms) = postSolution
		{A2FBE71D-D36B-41EF-A653-880798FDC99A}.Debug|Any CPU.ActiveCfg = Debug|Any CPU
		{A2FBE71D-D36B-41EF-A653-880798FDC99A}.Debug|Any CPU.Build.0 = Debug|Any CPU
		{A2FBE71D-D36B-41EF-A653-880798FDC99A}.Release|Any CPU.ActiveCfg = Release|Any CPU
		{A2FBE71D-D36B-41EF-A653-880798FDC99A}.Release|Any CPU.Build.0 = Release|Any CPU
	EndGlobalSection
	GlobalSection(SolutionProperties) = preSolution
		HideSolutionNode = FALSE
	EndGlobalSection
	GlobalSection(ExtensibilityGlobals) = postSolution
		SolutionGuid = {82CC5CFA-B037-4436-806D-D02D09F8ECDE}
	EndGlobalSection
EndGlobal
